// !$*UTF8*$!
{
	archiveVersion = 1;
	classes = {
	};
	objectVersion = 50;
	objects = {

/* Begin PBXBuildFile section */
		18138A5422D3D9FF001752F0 /* AppDelegate.swift in Sources */ = {isa = PBXBuildFile; fileRef = 18138A5322D3D9FF001752F0 /* AppDelegate.swift */; };
		18138A5622D3D9FF001752F0 /* ViewController.swift in Sources */ = {isa = PBXBuildFile; fileRef = 18138A5522D3D9FF001752F0 /* ViewController.swift */; };
		18138A5922D3D9FF001752F0 /* Main.storyboard in Resources */ = {isa = PBXBuildFile; fileRef = 18138A5722D3D9FF001752F0 /* Main.storyboard */; };
		18138A5B22D3DA02001752F0 /* Assets.xcassets in Resources */ = {isa = PBXBuildFile; fileRef = 18138A5A22D3DA02001752F0 /* Assets.xcassets */; };
		18138A5E22D3DA02001752F0 /* LaunchScreen.storyboard in Resources */ = {isa = PBXBuildFile; fileRef = 18138A5C22D3DA02001752F0 /* LaunchScreen.storyboard */; };
		18138A6922D3DA03001752F0 /* practice_gitTests.swift in Sources */ = {isa = PBXBuildFile; fileRef = 18138A6822D3DA03001752F0 /* practice_gitTests.swift */; };
		18138A7422D3DA03001752F0 /* practice_gitUITests.swift in Sources */ = {isa = PBXBuildFile; fileRef = 18138A7322D3DA03001752F0 /* practice_gitUITests.swift */; };
/* End PBXBuildFile section */

/* Begin PBXContainerItemProxy section */
		18138A6522D3DA03001752F0 /* PBXContainerItemProxy */ = {
			isa = PBXContainerItemProxy;
			containerPortal = 18138A4822D3D9FF001752F0 /* Project object */;
			proxyType = 1;
			remoteGlobalIDString = 18138A4F22D3D9FF001752F0;
			remoteInfo = "practice-git";
		};
		18138A7022D3DA03001752F0 /* PBXContainerItemProxy */ = {
			isa = PBXContainerItemProxy;
			containerPortal = 18138A4822D3D9FF001752F0 /* Project object */;
			proxyType = 1;
			remoteGlobalIDString = 18138A4F22D3D9FF001752F0;
			remoteInfo = "practice-git";
		};
/* End PBXContainerItemProxy section */

/* Begin PBXFileReference section */
		18138A5022D3D9FF001752F0 /* practice-git.app */ = {isa = PBXFileReference; explicitFileType = wrapper.application; includeInIndex = 0; path = "practice-git.app"; sourceTree = BUILT_PRODUCTS_DIR; };
		18138A5322D3D9FF001752F0 /* AppDelegate.swift */ = {isa = PBXFileReference; lastKnownFileType = sourcecode.swift; path = AppDelegate.swift; sourceTree = "<group>"; };
		18138A5522D3D9FF001752F0 /* ViewController.swift */ = {isa = PBXFileReference; lastKnownFileType = sourcecode.swift; path = ViewController.swift; sourceTree = "<group>"; };
		18138A5822D3D9FF001752F0 /* Base */ = {isa = PBXFileReference; lastKnownFileType = file.storyboard; name = Base; path = Base.lproj/Main.storyboard; sourceTree = "<group>"; };
		18138A5A22D3DA02001752F0 /* Assets.xcassets */ = {isa = PBXFileReference; lastKnownFileType = folder.assetcatalog; path = Assets.xcassets; sourceTree = "<group>"; };
		18138A5D22D3DA02001752F0 /* Base */ = {isa = PBXFileReference; lastKnownFileType = file.storyboard; name = Base; path = Base.lproj/LaunchScreen.storyboard; sourceTree = "<group>"; };
		18138A5F22D3DA02001752F0 /* Info.plist */ = {isa = PBXFileReference; lastKnownFileType = text.plist.xml; path = Info.plist; sourceTree = "<group>"; };
		18138A6422D3DA03001752F0 /* practice-gitTests.xctest */ = {isa = PBXFileReference; explicitFileType = wrapper.cfbundle; includeInIndex = 0; path = "practice-gitTests.xctest"; sourceTree = BUILT_PRODUCTS_DIR; };
		18138A6822D3DA03001752F0 /* practice_gitTests.swift */ = {isa = PBXFileReference; lastKnownFileType = sourcecode.swift; path = practice_gitTests.swift; sourceTree = "<group>"; };
		18138A6A22D3DA03001752F0 /* Info.plist */ = {isa = PBXFileReference; lastKnownFileType = text.plist.xml; path = Info.plist; sourceTree = "<group>"; };
		18138A6F22D3DA03001752F0 /* practice-gitUITests.xctest */ = {isa = PBXFileReference; explicitFileType = wrapper.cfbundle; includeInIndex = 0; path = "practice-gitUITests.xctest"; sourceTree = BUILT_PRODUCTS_DIR; };
		18138A7322D3DA03001752F0 /* practice_gitUITests.swift */ = {isa = PBXFileReference; lastKnownFileType = sourcecode.swift; path = practice_gitUITests.swift; sourceTree = "<group>"; };
		18138A7522D3DA03001752F0 /* Info.plist */ = {isa = PBXFileReference; lastKnownFileType = text.plist.xml; path = Info.plist; sourceTree = "<group>"; };
/* End PBXFileReference section */

/* Begin PBXFrameworksBuildPhase section */
		18138A4D22D3D9FF001752F0 /* Frameworks */ = {
			isa = PBXFrameworksBuildPhase;
			buildActionMask = 2147483647;
			files = (
			);
			runOnlyForDeploymentPostprocessing = 0;
		};
		18138A6122D3DA03001752F0 /* Frameworks */ = {
			isa = PBXFrameworksBuildPhase;
			buildActionMask = 2147483647;
			files = (
			);
			runOnlyForDeploymentPostprocessing = 0;
		};
		18138A6C22D3DA03001752F0 /* Frameworks */ = {
			isa = PBXFrameworksBuildPhase;
			buildActionMask = 2147483647;
			files = (
			);
			runOnlyForDeploymentPostprocessing = 0;
		};
/* End PBXFrameworksBuildPhase section */

/* Begin PBXGroup section */
		18138A4722D3D9FF001752F0 = {
			isa = PBXGroup;
			children = (
				18138A5222D3D9FF001752F0 /* practice-git */,
				18138A6722D3DA03001752F0 /* practice-gitTests */,
				18138A7222D3DA03001752F0 /* practice-gitUITests */,
				18138A5122D3D9FF001752F0 /* Products */,
			);
			sourceTree = "<group>";
		};
		18138A5122D3D9FF001752F0 /* Products */ = {
			isa = PBXGroup;
			children = (
				18138A5022D3D9FF001752F0 /* practice-git.app */,
				18138A6422D3DA03001752F0 /* practice-gitTests.xctest */,
				18138A6F22D3DA03001752F0 /* practice-gitUITests.xctest */,
			);
			name = Products;
			sourceTree = "<group>";
		};
		18138A5222D3D9FF001752F0 /* practice-git */ = {
			isa = PBXGroup;
			children = (
				18138A5322D3D9FF001752F0 /* AppDelegate.swift */,
				18138A5522D3D9FF001752F0 /* ViewController.swift */,
				18138A5722D3D9FF001752F0 /* Main.storyboard */,
				18138A5A22D3DA02001752F0 /* Assets.xcassets */,
				18138A5C22D3DA02001752F0 /* LaunchScreen.storyboard */,
				18138A5F22D3DA02001752F0 /* Info.plist */,
			);
			path = "practice-git";
			sourceTree = "<group>";
		};
		18138A6722D3DA03001752F0 /* practice-gitTests */ = {
			isa = PBXGroup;
			children = (
				18138A6822D3DA03001752F0 /* practice_gitTests.swift */,
				18138A6A22D3DA03001752F0 /* Info.plist */,
			);
			path = "practice-gitTests";
			sourceTree = "<group>";
		};
		18138A7222D3DA03001752F0 /* practice-gitUITests */ = {
			isa = PBXGroup;
			children = (
				18138A7322D3DA03001752F0 /* practice_gitUITests.swift */,
				18138A7522D3DA03001752F0 /* Info.plist */,
			);
			path = "practice-gitUITests";
			sourceTree = "<group>";
		};
/* End PBXGroup section */

/* Begin PBXNativeTarget section */
		18138A4F22D3D9FF001752F0 /* practice-git */ = {
			isa = PBXNativeTarget;
			buildConfigurationList = 18138A7822D3DA03001752F0 /* Build configuration list for PBXNativeTarget "practice-git" */;
			buildPhases = (
				18138A4C22D3D9FF001752F0 /* Sources */,
				18138A4D22D3D9FF001752F0 /* Frameworks */,
				18138A4E22D3D9FF001752F0 /* Resources */,
			);
			buildRules = (
			);
			dependencies = (
			);
			name = "practice-git";
			productName = "practice-git";
			productReference = 18138A5022D3D9FF001752F0 /* practice-git.app */;
			productType = "com.apple.product-type.application";
		};
		18138A6322D3DA03001752F0 /* practice-gitTests */ = {
			isa = PBXNativeTarget;
			buildConfigurationList = 18138A7B22D3DA03001752F0 /* Build configuration list for PBXNativeTarget "practice-gitTests" */;
			buildPhases = (
				18138A6022D3DA03001752F0 /* Sources */,
				18138A6122D3DA03001752F0 /* Frameworks */,
				18138A6222D3DA03001752F0 /* Resources */,
			);
			buildRules = (
			);
			dependencies = (
				18138A6622D3DA03001752F0 /* PBXTargetDependency */,
			);
			name = "practice-gitTests";
			productName = "practice-gitTests";
			productReference = 18138A6422D3DA03001752F0 /* practice-gitTests.xctest */;
			productType = "com.apple.product-type.bundle.unit-test";
		};
		18138A6E22D3DA03001752F0 /* practice-gitUITests */ = {
			isa = PBXNativeTarget;
			buildConfigurationList = 18138A7E22D3DA03001752F0 /* Build configuration list for PBXNativeTarget "practice-gitUITests" */;
			buildPhases = (
				18138A6B22D3DA03001752F0 /* Sources */,
				18138A6C22D3DA03001752F0 /* Frameworks */,
				18138A6D22D3DA03001752F0 /* Resources */,
			);
			buildRules = (
			);
			dependencies = (
				18138A7122D3DA03001752F0 /* PBXTargetDependency */,
			);
			name = "practice-gitUITests";
			productName = "practice-gitUITests";
			productReference = 18138A6F22D3DA03001752F0 /* practice-gitUITests.xctest */;
			productType = "com.apple.product-type.bundle.ui-testing";
		};
/* End PBXNativeTarget section */

/* Begin PBXProject section */
		18138A4822D3D9FF001752F0 /* Project object */ = {
			isa = PBXProject;
			attributes = {
				LastSwiftUpdateCheck = 1020;
				LastUpgradeCheck = 1020;
				ORGANIZATIONNAME = "Bela Gadsby";
				TargetAttributes = {
					18138A4F22D3D9FF001752F0 = {
						CreatedOnToolsVersion = 10.2.1;
					};
					18138A6322D3DA03001752F0 = {
						CreatedOnToolsVersion = 10.2.1;
						TestTargetID = 18138A4F22D3D9FF001752F0;
					};
					18138A6E22D3DA03001752F0 = {
						CreatedOnToolsVersion = 10.2.1;
						TestTargetID = 18138A4F22D3D9FF001752F0;
					};
				};
			};
			buildConfigurationList = 18138A4B22D3D9FF001752F0 /* Build configuration list for PBXProject "practice-git" */;
			compatibilityVersion = "Xcode 9.3";
			developmentRegion = en;
			hasScannedForEncodings = 0;
			knownRegions = (
				en,
				Base,
			);
			mainGroup = 18138A4722D3D9FF001752F0;
			productRefGroup = 18138A5122D3D9FF001752F0 /* Products */;
			projectDirPath = "";
			projectRoot = "";
			targets = (
				18138A4F22D3D9FF001752F0 /* practice-git */,
				18138A6322D3DA03001752F0 /* practice-gitTests */,
				18138A6E22D3DA03001752F0 /* practice-gitUITests */,
			);
		};
/* End PBXProject section */

/* Begin PBXResourcesBuildPhase section */
		18138A4E22D3D9FF001752F0 /* Resources */ = {
			isa = PBXResourcesBuildPhase;
			buildActionMask = 2147483647;
			files = (
				18138A5E22D3DA02001752F0 /* LaunchScreen.storyboard in Resources */,
				18138A5B22D3DA02001752F0 /* Assets.xcassets in Resources */,
				18138A5922D3D9FF001752F0 /* Main.storyboard in Resources */,
			);
			runOnlyForDeploymentPostprocessing = 0;
		};
		18138A6222D3DA03001752F0 /* Resources */ = {
			isa = PBXResourcesBuildPhase;
			buildActionMask = 2147483647;
			files = (
			);
			runOnlyForDeploymentPostprocessing = 0;
		};
		18138A6D22D3DA03001752F0 /* Resources */ = {
			isa = PBXResourcesBuildPhase;
			buildActionMask = 2147483647;
			files = (
			);
			runOnlyForDeploymentPostprocessing = 0;
		};
/* End PBXResourcesBuildPhase section */

/* Begin PBXSourcesBuildPhase section */
		18138A4C22D3D9FF001752F0 /* Sources */ = {
			isa = PBXSourcesBuildPhase;
			buildActionMask = 2147483647;
			files = (
				18138A5622D3D9FF001752F0 /* ViewController.swift in Sources */,
				18138A5422D3D9FF001752F0 /* AppDelegate.swift in Sources */,
			);
			runOnlyForDeploymentPostprocessing = 0;
		};
		18138A6022D3DA03001752F0 /* Sources */ = {
			isa = PBXSourcesBuildPhase;
			buildActionMask = 2147483647;
			files = (
				18138A6922D3DA03001752F0 /* practice_gitTests.swift in Sources */,
			);
			runOnlyForDeploymentPostprocessing = 0;
		};
		18138A6B22D3DA03001752F0 /* Sources */ = {
			isa = PBXSourcesBuildPhase;
			buildActionMask = 2147483647;
			files = (
				18138A7422D3DA03001752F0 /* practice_gitUITests.swift in Sources */,
			);
			runOnlyForDeploymentPostprocessing = 0;
		};
/* End PBXSourcesBuildPhase section */

/* Begin PBXTargetDependency section */
		18138A6622D3DA03001752F0 /* PBXTargetDependency */ = {
			isa = PBXTargetDependency;
			target = 18138A4F22D3D9FF001752F0 /* practice-git */;
			targetProxy = 18138A6522D3DA03001752F0 /* PBXContainerItemProxy */;
		};
		18138A7122D3DA03001752F0 /* PBXTargetDependency */ = {
			isa = PBXTargetDependency;
			target = 18138A4F22D3D9FF001752F0 /* practice-git */;
			targetProxy = 18138A7022D3DA03001752F0 /* PBXContainerItemProxy */;
		};
/* End PBXTargetDependency section */

/* Begin PBXVariantGroup section */
		18138A5722D3D9FF001752F0 /* Main.storyboard */ = {
			isa = PBXVariantGroup;
			children = (
				18138A5822D3D9FF001752F0 /* Base */,
			);
			name = Main.storyboard;
			sourceTree = "<group>";
		};
		18138A5C22D3DA02001752F0 /* LaunchScreen.storyboard */ = {
			isa = PBXVariantGroup;
			children = (
				18138A5D22D3DA02001752F0 /* Base */,
			);
			name = LaunchScreen.storyboard;
			sourceTree = "<group>";
		};
/* End PBXVariantGroup section */

/* Begin XCBuildConfiguration section */
		18138A7622D3DA03001752F0 /* Debug */ = {
			isa = XCBuildConfiguration;
			buildSettings = {
				ALWAYS_SEARCH_USER_PATHS = NO;
				CLANG_ANALYZER_NONNULL = YES;
				CLANG_ANALYZER_NUMBER_OBJECT_CONVERSION = YES_AGGRESSIVE;
				CLANG_CXX_LANGUAGE_STANDARD = "gnu++14";
				CLANG_CXX_LIBRARY = "libc++";
				CLANG_ENABLE_MODULES = YES;
				CLANG_ENABLE_OBJC_ARC = YES;
				CLANG_ENABLE_OBJC_WEAK = YES;
				CLANG_WARN_BLOCK_CAPTURE_AUTORELEASING = YES;
				CLANG_WARN_BOOL_CONVERSION = YES;
				CLANG_WARN_COMMA = YES;
				CLANG_WARN_CONSTANT_CONVERSION = YES;
				CLANG_WARN_DEPRECATED_OBJC_IMPLEMENTATIONS = YES;
				CLANG_WARN_DIRECT_OBJC_ISA_USAGE = YES_ERROR;
				CLANG_WARN_DOCUMENTATION_COMMENTS = YES;
				CLANG_WARN_EMPTY_BODY = YES;
				CLANG_WARN_ENUM_CONVERSION = YES;
				CLANG_WARN_INFINITE_RECURSION = YES;
				CLANG_WARN_INT_CONVERSION = YES;
				CLANG_WARN_NON_LITERAL_NULL_CONVERSION = YES;
				CLANG_WARN_OBJC_IMPLICIT_RETAIN_SELF = YES;
				CLANG_WARN_OBJC_LITERAL_CONVERSION = YES;
				CLANG_WARN_OBJC_ROOT_CLASS = YES_ERROR;
				CLANG_WARN_RANGE_LOOP_ANALYSIS = YES;
				CLANG_WARN_STRICT_PROTOTYPES = YES;
				CLANG_WARN_SUSPICIOUS_MOVE = YES;
				CLANG_WARN_UNGUARDED_AVAILABILITY = YES_AGGRESSIVE;
				CLANG_WARN_UNREACHABLE_CODE = YES;
				CLANG_WARN__DUPLICATE_METHOD_MATCH = YES;
				CODE_SIGN_IDENTITY = "iPhone Developer";
				COPY_PHASE_STRIP = NO;
				DEBUG_INFORMATION_FORMAT = dwarf;
				ENABLE_STRICT_OBJC_MSGSEND = YES;
				ENABLE_TESTABILITY = YES;
				GCC_C_LANGUAGE_STANDARD = gnu11;
				GCC_DYNAMIC_NO_PIC = NO;
				GCC_NO_COMMON_BLOCKS = YES;
				GCC_OPTIMIZATION_LEVEL = 0;
				GCC_PREPROCESSOR_DEFINITIONS = (
					"DEBUG=1",
					"$(inherited)",
				);
				GCC_WARN_64_TO_32_BIT_CONVERSION = YES;
				GCC_WARN_ABOUT_RETURN_TYPE = YES_ERROR;
				GCC_WARN_UNDECLARED_SELECTOR = YES;
				GCC_WARN_UNINITIALIZED_AUTOS = YES_AGGRESSIVE;
				GCC_WARN_UNUSED_FUNCTION = YES;
				GCC_WARN_UNUSED_VARIABLE = YES;
				IPHONEOS_DEPLOYMENT_TARGET = 12.2;
				MTL_ENABLE_DEBUG_INFO = INCLUDE_SOURCE;
				MTL_FAST_MATH = YES;
				ONLY_ACTIVE_ARCH = YES;
				SDKROOT = iphoneos;
				SWIFT_ACTIVE_COMPILATION_CONDITIONS = DEBUG;
				SWIFT_OPTIMIZATION_LEVEL = "-Onone";
			};
			name = Debug;
		};
		18138A7722D3DA03001752F0 /* Release */ = {
			isa = XCBuildConfiguration;
			buildSettings = {
				ALWAYS_SEARCH_USER_PATHS = NO;
				CLANG_ANALYZER_NONNULL = YES;
				CLANG_ANALYZER_NUMBER_OBJECT_CONVERSION = YES_AGGRESSIVE;
				CLANG_CXX_LANGUAGE_STANDARD = "gnu++14";
				CLANG_CXX_LIBRARY = "libc++";
				CLANG_ENABLE_MODULES = YES;
				CLANG_ENABLE_OBJC_ARC = YES;
				CLANG_ENABLE_OBJC_WEAK = YES;
				CLANG_WARN_BLOCK_CAPTURE_AUTORELEASING = YES;
				CLANG_WARN_BOOL_CONVERSION = YES;
				CLANG_WARN_COMMA = YES;
				CLANG_WARN_CONSTANT_CONVERSION = YES;
				CLANG_WARN_DEPRECATED_OBJC_IMPLEMENTATIONS = YES;
				CLANG_WARN_DIRECT_OBJC_ISA_USAGE = YES_ERROR;
				CLANG_WARN_DOCUMENTATION_COMMENTS = YES;
				CLANG_WARN_EMPTY_BODY = YES;
				CLANG_WARN_ENUM_CONVERSION = YES;
				CLANG_WARN_INFINITE_RECURSION = YES;
				CLANG_WARN_INT_CONVERSION = YES;
				CLANG_WARN_NON_LITERAL_NULL_CONVERSION = YES;
				CLANG_WARN_OBJC_IMPLICIT_RETAIN_SELF = YES;
				CLANG_WARN_OBJC_LITERAL_CONVERSION = YES;
				CLANG_WARN_OBJC_ROOT_CLASS = YES_ERROR;
				CLANG_WARN_RANGE_LOOP_ANALYSIS = YES;
				CLANG_WARN_STRICT_PROTOTYPES = YES;
				CLANG_WARN_SUSPICIOUS_MOVE = YES;
				CLANG_WARN_UNGUARDED_AVAILABILITY = YES_AGGRESSIVE;
				CLANG_WARN_UNREACHABLE_CODE = YES;
				CLANG_WARN__DUPLICATE_METHOD_MATCH = YES;
				CODE_SIGN_IDENTITY = "iPhone Developer";
				COPY_PHASE_STRIP = NO;
				DEBUG_INFORMATION_FORMAT = "dwarf-with-dsym";
				ENABLE_NS_ASSERTIONS = NO;
				ENABLE_STRICT_OBJC_MSGSEND = YES;
				GCC_C_LANGUAGE_STANDARD = gnu11;
				GCC_NO_COMMON_BLOCKS = YES;
				GCC_WARN_64_TO_32_BIT_CONVERSION = YES;
				GCC_WARN_ABOUT_RETURN_TYPE = YES_ERROR;
				GCC_WARN_UNDECLARED_SELECTOR = YES;
				GCC_WARN_UNINITIALIZED_AUTOS = YES_AGGRESSIVE;
				GCC_WARN_UNUSED_FUNCTION = YES;
				GCC_WARN_UNUSED_VARIABLE = YES;
				IPHONEOS_DEPLOYMENT_TARGET = 12.2;
				MTL_ENABLE_DEBUG_INFO = NO;
				MTL_FAST_MATH = YES;
				SDKROOT = iphoneos;
				SWIFT_COMPILATION_MODE = wholemodule;
				SWIFT_OPTIMIZATION_LEVEL = "-O";
				VALIDATE_PRODUCT = YES;
			};
			name = Release;
		};
		18138A7922D3DA03001752F0 /* Debug */ = {
			isa = XCBuildConfiguration;
			buildSettings = {
				ASSETCATALOG_COMPILER_APPICON_NAME = AppIcon;
				CODE_SIGN_STYLE = Automatic;
				DEVELOPMENT_TEAM = XXN93QWGCT;
				INFOPLIST_FILE = "practice-git/Info.plist";
				LD_RUNPATH_SEARCH_PATHS = (
					"$(inherited)",
					"@executable_path/Frameworks",
				);
				PRODUCT_BUNDLE_IDENTIFIER = "KWK.practice-git";
				PRODUCT_NAME = "$(TARGET_NAME)";
				SWIFT_VERSION = 5.0;
				TARGETED_DEVICE_FAMILY = "1,2";
			};
			name = Debug;
		};
		18138A7A22D3DA03001752F0 /* Release */ = {
			isa = XCBuildConfiguration;
			buildSettings = {
				ASSETCATALOG_COMPILER_APPICON_NAME = AppIcon;
				CODE_SIGN_STYLE = Automatic;
				DEVELOPMENT_TEAM = XXN93QWGCT;
				INFOPLIST_FILE = "practice-git/Info.plist";
				LD_RUNPATH_SEARCH_PATHS = (
					"$(inherited)",
					"@executable_path/Frameworks",
				);
				PRODUCT_BUNDLE_IDENTIFIER = "KWK.practice-git";
				PRODUCT_NAME = "$(TARGET_NAME)";
				SWIFT_VERSION = 5.0;
				TARGETED_DEVICE_FAMILY = "1,2";
			};
			name = Release;
		};
		18138A7C22D3DA03001752F0 /* Debug */ = {
			isa = XCBuildConfiguration;
			buildSettings = {
				ALWAYS_EMBED_SWIFT_STANDARD_LIBRARIES = YES;
				BUNDLE_LOADER = "$(TEST_HOST)";
				CODE_SIGN_STYLE = Automatic;
				DEVELOPMENT_TEAM = XXN93QWGCT;
				INFOPLIST_FILE = "practice-gitTests/Info.plist";
				LD_RUNPATH_SEARCH_PATHS = (
					"$(inherited)",
					"@executable_path/Frameworks",
					"@loader_path/Frameworks",
				);
				PRODUCT_BUNDLE_IDENTIFIER = "KWK.practice-gitTests";
				PRODUCT_NAME = "$(TARGET_NAME)";
				SWIFT_VERSION = 5.0;
				TARGETED_DEVICE_FAMILY = "1,2";
				TEST_HOST = "$(BUILT_PRODUCTS_DIR)/practice-git.app/practice-git";
			};
			name = Debug;
		};
		18138A7D22D3DA03001752F0 /* Release */ = {
			isa = XCBuildConfiguration;
			buildSettings = {
				ALWAYS_EMBED_SWIFT_STANDARD_LIBRARIES = YES;
				BUNDLE_LOADER = "$(TEST_HOST)";
				CODE_SIGN_STYLE = Automatic;
				DEVELOPMENT_TEAM = XXN93QWGCT;
				INFOPLIST_FILE = "practice-gitTests/Info.plist";
				LD_RUNPATH_SEARCH_PATHS = (
					"$(inherited)",
					"@executable_path/Frameworks",
					"@loader_path/Frameworks",
				);
				PRODUCT_BUNDLE_IDENTIFIER = "KWK.practice-gitTests";
				PRODUCT_NAME = "$(TARGET_NAME)";
				SWIFT_VERSION = 5.0;
				TARGETED_DEVICE_FAMILY = "1,2";
				TEST_HOST = "$(BUILT_PRODUCTS_DIR)/practice-git.app/practice-git";
			};
			name = Release;
		};
		18138A7F22D3DA03001752F0 /* Debug */ = {
			isa = XCBuildConfiguration;
			buildSettings = {
				ALWAYS_EMBED_SWIFT_STANDARD_LIBRARIES = YES;
				CODE_SIGN_STYLE = Automatic;
				DEVELOPMENT_TEAM = XXN93QWGCT;
				INFOPLIST_FILE = "practice-gitUITests/Info.plist";
				LD_RUNPATH_SEARCH_PATHS = (
					"$(inherited)",
					"@executable_path/Frameworks",
					"@loader_path/Frameworks",
				);
				PRODUCT_BUNDLE_IDENTIFIER = "KWK.practice-gitUITests";
				PRODUCT_NAME = "$(TARGET_NAME)";
				SWIFT_VERSION = 5.0;
				TARGETED_DEVICE_FAMILY = "1,2";
				TEST_TARGET_NAME = "practice-git";
			};
			name = Debug;
		};
		18138A8022D3DA03001752F0 /* Release */ = {
			isa = XCBuildConfiguration;
			buildSettings = {
				ALWAYS_EMBED_SWIFT_STANDARD_LIBRARIES = YES;
				CODE_SIGN_STYLE = Automatic;
				DEVELOPMENT_TEAM = XXN93QWGCT;
				INFOPLIST_FILE = "practice-gitUITests/Info.plist";
				LD_RUNPATH_SEARCH_PATHS = (
					"$(inherited)",
					"@executable_path/Frameworks",
					"@loader_path/Frameworks",
				);
				PRODUCT_BUNDLE_IDENTIFIER = "KWK.practice-gitUITests";
				PRODUCT_NAME = "$(TARGET_NAME)";
				SWIFT_VERSION = 5.0;
				TARGETED_DEVICE_FAMILY = "1,2";
				TEST_TARGET_NAME = "practice-git";
			};
			name = Release;
		};
/* End XCBuildConfiguration section */

/* Begin XCConfigurationList section */
		18138A4B22D3D9FF001752F0 /* Build configuration list for PBXProject "practice-git" */ = {
			isa = XCConfigurationList;
			buildConfigurations = (
				18138A7622D3DA03001752F0 /* Debug */,
				18138A7722D3DA03001752F0 /* Release */,
			);
			defaultConfigurationIsVisible = 0;
			defaultConfigurationName = Release;
		};
		18138A7822D3DA03001752F0 /* Build configuration list for PBXNativeTarget "practice-git" */ = {
			isa = XCConfigurationList;
			buildConfigurations = (
				18138A7922D3DA03001752F0 /* Debug */,
				18138A7A22D3DA03001752F0 /* Release */,
			);
			defaultConfigurationIsVisible = 0;
			defaultConfigurationName = Release;
		};
		18138A7B22D3DA03001752F0 /* Build configuration list for PBXNativeTarget "practice-gitTests" */ = {
			isa = XCConfigurationList;
			buildConfigurations = (
				18138A7C22D3DA03001752F0 /* Debug */,
				18138A7D22D3DA03001752F0 /* Release */,
			);
			defaultConfigurationIsVisible = 0;
			defaultConfigurationName = Release;
		};
		18138A7E22D3DA03001752F0 /* Build configuration list for PBXNativeTarget "practice-gitUITests" */ = {
			isa = XCConfigurationList;
			buildConfigurations = (
				18138A7F22D3DA03001752F0 /* Debug */,
				18138A8022D3DA03001752F0 /* Release */,
			);
			defaultConfigurationIsVisible = 0;
			defaultConfigurationName = Release;
		};
/* End XCConfigurationList section */
	};
	rootObject = 18138A4822D3D9FF001752F0 /* Project object */;
}
